
Microsoft Visual Studio Solution File, Format Version 11.00
# Visual Studio 2010
Project("{FAE04EC0-301F-11D3-BF4B-00C04F79EFBC}") = "MVCSite", "MVCSite\MVCSite.csproj", "{8A0D75E7-CE27-4B35-B525-D01998C46099}"
EndProject
Project("{FAE04EC0-301F-11D3-BF4B-00C04F79EFBC}") = "MVCSite.Test", "MVCSite.Test\MVCSite.Test.csproj", "{9BAE3CC0-1183-4921-AB5B-3AC5EB693702}"
EndProject
Project("{FAE04EC0-301F-11D3-BF4B-00C04F79EFBC}") = "ApproverStub", "ApproverService\ApproverStub.csproj", "{76C40AC2-64E4-4082-81D3-49C9861F452D}"
EndProject
Project("{FAE04EC0-301F-11D3-BF4B-00C04F79EFBC}") = "ApproverStub.Test", "ApproverService.Test\ApproverStub.Test.csproj", "{8BB8997E-9ADF-408B-B8D6-F52FAE38F9D0}"
EndProject
Project("{FAE04EC0-301F-11D3-BF4B-00C04F79EFBC}") = "Infrastructure", "SimpleQueue\Infrastructure.csproj", "{20506087-E34F-424D-B124-4A10EDB3864C}"
EndProject
Project("{FAE04EC0-301F-11D3-BF4B-00C04F79EFBC}") = "Infrastructure.Test", "SimpleQueue.Test\Infrastructure.Test.csproj", "{FB870580-9E9C-4DF7-90FD-CC4CFBB8E1BF}"
EndProject
Project("{FAE04EC0-301F-11D3-BF4B-00C04F79EFBC}") = "RavenDBConsole", "RavenDBConsole\RavenDBConsole.csproj", "{CCDBE83A-BAC0-41C7-A2AD-2C3F6788CE3D}"
EndProject
Project("{FAE04EC0-301F-11D3-BF4B-00C04F79EFBC}") = "Model", "Model\Model.csproj", "{EAA2AB83-FE88-4098-8FCD-8F01B5224EA2}"
EndProject
Project("{FAE04EC0-301F-11D3-BF4B-00C04F79EFBC}") = "Services", "Services\Services.csproj", "{2C3EFC62-68A1-4085-89B2-8B470946AE34}"
EndProject
Global
	GlobalSection(SolutionConfigurationPlatforms) = preSolution
		Debug|Any CPU = Debug|Any CPU
		Debug|Mixed Platforms = Debug|Mixed Platforms
		Debug|x86 = Debug|x86
		Release|Any CPU = Release|Any CPU
		Release|Mixed Platforms = Release|Mixed Platforms
		Release|x86 = Release|x86
	EndGlobalSection
	GlobalSection(ProjectConfigurationPlatforms) = postSolution
		{8A0D75E7-CE27-4B35-B525-D01998C46099}.Debug|Any CPU.ActiveCfg = Debug|Any CPU
		{8A0D75E7-CE27-4B35-B525-D01998C46099}.Debug|Any CPU.Build.0 = Debug|Any CPU
		{8A0D75E7-CE27-4B35-B525-D01998C46099}.Debug|Mixed Platforms.ActiveCfg = Debug|Any CPU
		{8A0D75E7-CE27-4B35-B525-D01998C46099}.Debug|Mixed Platforms.Build.0 = Debug|Any CPU
		{8A0D75E7-CE27-4B35-B525-D01998C46099}.Debug|x86.ActiveCfg = Debug|Any CPU
		{8A0D75E7-CE27-4B35-B525-D01998C46099}.Release|Any CPU.ActiveCfg = Release|Any CPU
		{8A0D75E7-CE27-4B35-B525-D01998C46099}.Release|Any CPU.Build.0 = Release|Any CPU
		{8A0D75E7-CE27-4B35-B525-D01998C46099}.Release|Mixed Platforms.ActiveCfg = Release|Any CPU
		{8A0D75E7-CE27-4B35-B525-D01998C46099}.Release|Mixed Platforms.Build.0 = Release|Any CPU
		{8A0D75E7-CE27-4B35-B525-D01998C46099}.Release|x86.ActiveCfg = Release|Any CPU
		{9BAE3CC0-1183-4921-AB5B-3AC5EB693702}.Debug|Any CPU.ActiveCfg = Debug|Any CPU
		{9BAE3CC0-1183-4921-AB5B-3AC5EB693702}.Debug|Any CPU.Build.0 = Debug|Any CPU
		{9BAE3CC0-1183-4921-AB5B-3AC5EB693702}.Debug|Mixed Platforms.ActiveCfg = Debug|Any CPU
		{9BAE3CC0-1183-4921-AB5B-3AC5EB693702}.Debug|Mixed Platforms.Build.0 = Debug|Any CPU
		{9BAE3CC0-1183-4921-AB5B-3AC5EB693702}.Debug|x86.ActiveCfg = Debug|Any CPU
		{9BAE3CC0-1183-4921-AB5B-3AC5EB693702}.Release|Any CPU.ActiveCfg = Release|Any CPU
		{9BAE3CC0-1183-4921-AB5B-3AC5EB693702}.Release|Any CPU.Build.0 = Release|Any CPU
		{9BAE3CC0-1183-4921-AB5B-3AC5EB693702}.Release|Mixed Platforms.ActiveCfg = Release|Any CPU
		{9BAE3CC0-1183-4921-AB5B-3AC5EB693702}.Release|Mixed Platforms.Build.0 = Release|Any CPU
		{9BAE3CC0-1183-4921-AB5B-3AC5EB693702}.Release|x86.ActiveCfg = Release|Any CPU
		{76C40AC2-64E4-4082-81D3-49C9861F452D}.Debug|Any CPU.ActiveCfg = Debug|Any CPU
		{76C40AC2-64E4-4082-81D3-49C9861F452D}.Debug|Any CPU.Build.0 = Debug|Any CPU
		{76C40AC2-64E4-4082-81D3-49C9861F452D}.Debug|Mixed Platforms.ActiveCfg = Debug|Any CPU
		{76C40AC2-64E4-4082-81D3-49C9861F452D}.Debug|Mixed Platforms.Build.0 = Debug|Any CPU
		{76C40AC2-64E4-4082-81D3-49C9861F452D}.Debug|x86.ActiveCfg = Debug|Any CPU
		{76C40AC2-64E4-4082-81D3-49C9861F452D}.Release|Any CPU.ActiveCfg = Release|Any CPU
		{76C40AC2-64E4-4082-81D3-49C9861F452D}.Release|Any CPU.Build.0 = Release|Any CPU
		{76C40AC2-64E4-4082-81D3-49C9861F452D}.Release|Mixed Platforms.ActiveCfg = Release|Any CPU
		{76C40AC2-64E4-4082-81D3-49C9861F452D}.Release|Mixed Platforms.Build.0 = Release|Any CPU
		{76C40AC2-64E4-4082-81D3-49C9861F452D}.Release|x86.ActiveCfg = Release|Any CPU
		{8BB8997E-9ADF-408B-B8D6-F52FAE38F9D0}.Debug|Any CPU.ActiveCfg = Debug|Any CPU
		{8BB8997E-9ADF-408B-B8D6-F52FAE38F9D0}.Debug|Any CPU.Build.0 = Debug|Any CPU
		{8BB8997E-9ADF-408B-B8D6-F52FAE38F9D0}.Debug|Mixed Platforms.ActiveCfg = Debug|Any CPU
		{8BB8997E-9ADF-408B-B8D6-F52FAE38F9D0}.Debug|Mixed Platforms.Build.0 = Debug|Any CPU
		{8BB8997E-9ADF-408B-B8D6-F52FAE38F9D0}.Debug|x86.ActiveCfg = Debug|Any CPU
		{8BB8997E-9ADF-408B-B8D6-F52FAE38F9D0}.Release|Any CPU.ActiveCfg = Release|Any CPU
		{8BB8997E-9ADF-408B-B8D6-F52FAE38F9D0}.Release|Any CPU.Build.0 = Release|Any CPU
		{8BB8997E-9ADF-408B-B8D6-F52FAE38F9D0}.Release|Mixed Platforms.ActiveCfg = Release|Any CPU
		{8BB8997E-9ADF-408B-B8D6-F52FAE38F9D0}.Release|Mixed Platforms.Build.0 = Release|Any CPU
		{8BB8997E-9ADF-408B-B8D6-F52FAE38F9D0}.Release|x86.ActiveCfg = Release|Any CPU
		{20506087-E34F-424D-B124-4A10EDB3864C}.Debug|Any CPU.ActiveCfg = Debug|Any CPU
		{20506087-E34F-424D-B124-4A10EDB3864C}.Debug|Any CPU.Build.0 = Debug|Any CPU
		{20506087-E34F-424D-B124-4A10EDB3864C}.Debug|Mixed Platforms.ActiveCfg = Debug|Any CPU
		{20506087-E34F-424D-B124-4A10EDB3864C}.Debug|Mixed Platforms.Build.0 = Debug|Any CPU
		{20506087-E34F-424D-B124-4A10EDB3864C}.Debug|x86.ActiveCfg = Debug|Any CPU
		{20506087-E34F-424D-B124-4A10EDB3864C}.Release|Any CPU.ActiveCfg = Release|Any CPU
		{20506087-E34F-424D-B124-4A10EDB3864C}.Release|Any CPU.Build.0 = Release|Any CPU
		{20506087-E34F-424D-B124-4A10EDB3864C}.Release|Mixed Platforms.ActiveCfg = Release|Any CPU
		{20506087-E34F-424D-B124-4A10EDB3864C}.Release|Mixed Platforms.Build.0 = Release|Any CPU
		{20506087-E34F-424D-B124-4A10EDB3864C}.Release|x86.ActiveCfg = Release|Any CPU
		{FB870580-9E9C-4DF7-90FD-CC4CFBB8E1BF}.Debug|Any CPU.ActiveCfg = Debug|Any CPU
		{FB870580-9E9C-4DF7-90FD-CC4CFBB8E1BF}.Debug|Any CPU.Build.0 = Debug|Any CPU
		{FB870580-9E9C-4DF7-90FD-CC4CFBB8E1BF}.Debug|Mixed Platforms.ActiveCfg = Debug|Any CPU
		{FB870580-9E9C-4DF7-90FD-CC4CFBB8E1BF}.Debug|Mixed Platforms.Build.0 = Debug|Any CPU
		{FB870580-9E9C-4DF7-90FD-CC4CFBB8E1BF}.Debug|x86.ActiveCfg = Debug|Any CPU
		{FB870580-9E9C-4DF7-90FD-CC4CFBB8E1BF}.Release|Any CPU.ActiveCfg = Release|Any CPU
		{FB870580-9E9C-4DF7-90FD-CC4CFBB8E1BF}.Release|Any CPU.Build.0 = Release|Any CPU
		{FB870580-9E9C-4DF7-90FD-CC4CFBB8E1BF}.Release|Mixed Platforms.ActiveCfg = Release|Any CPU
		{FB870580-9E9C-4DF7-90FD-CC4CFBB8E1BF}.Release|Mixed Platforms.Build.0 = Release|Any CPU
		{FB870580-9E9C-4DF7-90FD-CC4CFBB8E1BF}.Release|x86.ActiveCfg = Release|Any CPU
		{CCDBE83A-BAC0-41C7-A2AD-2C3F6788CE3D}.Debug|Any CPU.ActiveCfg = Debug|x86
		{CCDBE83A-BAC0-41C7-A2AD-2C3F6788CE3D}.Debug|Mixed Platforms.ActiveCfg = Debug|x86
		{CCDBE83A-BAC0-41C7-A2AD-2C3F6788CE3D}.Debug|Mixed Platforms.Build.0 = Debug|x86
		{CCDBE83A-BAC0-41C7-A2AD-2C3F6788CE3D}.Debug|x86.ActiveCfg = Debug|x86
		{CCDBE83A-BAC0-41C7-A2AD-2C3F6788CE3D}.Debug|x86.Build.0 = Debug|x86
		{CCDBE83A-BAC0-41C7-A2AD-2C3F6788CE3D}.Release|Any CPU.ActiveCfg = Release|x86
		{CCDBE83A-BAC0-41C7-A2AD-2C3F6788CE3D}.Release|Mixed Platforms.ActiveCfg = Release|x86
		{CCDBE83A-BAC0-41C7-A2AD-2C3F6788CE3D}.Release|Mixed Platforms.Build.0 = Release|x86
		{CCDBE83A-BAC0-41C7-A2AD-2C3F6788CE3D}.Release|x86.ActiveCfg = Release|x86
		{CCDBE83A-BAC0-41C7-A2AD-2C3F6788CE3D}.Release|x86.Build.0 = Release|x86
		{EAA2AB83-FE88-4098-8FCD-8F01B5224EA2}.Debug|Any CPU.ActiveCfg = Debug|Any CPU
		{EAA2AB83-FE88-4098-8FCD-8F01B5224EA2}.Debug|Any CPU.Build.0 = Debug|Any CPU
		{EAA2AB83-FE88-4098-8FCD-8F01B5224EA2}.Debug|Mixed Platforms.ActiveCfg = Debug|Any CPU
		{EAA2AB83-FE88-4098-8FCD-8F01B5224EA2}.Debug|Mixed Platforms.Build.0 = Debug|Any CPU
		{EAA2AB83-FE88-4098-8FCD-8F01B5224EA2}.Debug|x86.ActiveCfg = Debug|Any CPU
		{EAA2AB83-FE88-4098-8FCD-8F01B5224EA2}.Release|Any CPU.ActiveCfg = Release|Any CPU
		{EAA2AB83-FE88-4098-8FCD-8F01B5224EA2}.Release|Any CPU.Build.0 = Release|Any CPU
		{EAA2AB83-FE88-4098-8FCD-8F01B5224EA2}.Release|Mixed Platforms.ActiveCfg = Release|Any CPU
		{EAA2AB83-FE88-4098-8FCD-8F01B5224EA2}.Release|Mixed Platforms.Build.0 = Release|Any CPU
		{EAA2AB83-FE88-4098-8FCD-8F01B5224EA2}.Release|x86.ActiveCfg = Release|Any CPU
		{2C3EFC62-68A1-4085-89B2-8B470946AE34}.Debug|Any CPU.ActiveCfg = Debug|Any CPU
		{2C3EFC62-68A1-4085-89B2-8B470946AE34}.Debug|Any CPU.Build.0 = Debug|Any CPU
		{2C3EFC62-68A1-4085-89B2-8B470946AE34}.Debug|Mixed Platforms.ActiveCfg = Debug|Any CPU
		{2C3EFC62-68A1-4085-89B2-8B470946AE34}.Debug|Mixed Platforms.Build.0 = Debug|Any CPU
		{2C3EFC62-68A1-4085-89B2-8B470946AE34}.Debug|x86.ActiveCfg = Debug|Any CPU
		{2C3EFC62-68A1-4085-89B2-8B470946AE34}.Release|Any CPU.ActiveCfg = Release|Any CPU
		{2C3EFC62-68A1-4085-89B2-8B470946AE34}.Release|Any CPU.Build.0 = Release|Any CPU
		{2C3EFC62-68A1-4085-89B2-8B470946AE34}.Release|Mixed Platforms.ActiveCfg = Release|Any CPU
		{2C3EFC62-68A1-4085-89B2-8B470946AE34}.Release|Mixed Platforms.Build.0 = Release|Any CPU
		{2C3EFC62-68A1-4085-89B2-8B470946AE34}.Release|x86.ActiveCfg = Release|Any CPU
	EndGlobalSection
	GlobalSection(SolutionProperties) = preSolution
		HideSolutionNode = FALSE
	EndGlobalSection
EndGlobal
